
Microsoft Visual Studio Solution File, Format Version 11.00
# Visual Studio 2010
Project("{FAE04EC0-301F-11D3-BF4B-00C04F79EFBC}") = "Site", "Site\Site.csproj", "{5CF6BC3F-4737-41AF-BA7A-D513F0D16BDB}"
EndProject
Project("{FAE04EC0-301F-11D3-BF4B-00C04F79EFBC}") = "CamadaNegocios", "CamadaNegocios\CamadaNegocios.csproj", "{03751875-0D10-4F06-B3B3-7AD451035133}"
EndProject
Project("{FAE04EC0-301F-11D3-BF4B-00C04F79EFBC}") = "CamadaDados", "CamadaDados\CamadaDados.csproj", "{FCFC0A34-0BA5-4800-B533-E57B42CC7C8D}"
EndProject
Global
	GlobalSection(SolutionConfigurationPlatforms) = preSolution
		Debug|Any CPU = Debug|Any CPU
		Release|Any CPU = Release|Any CPU
	EndGlobalSection
	GlobalSection(ProjectConfigurationPlatforms) = postSolution
		{5CF6BC3F-4737-41AF-BA7A-D513F0D16BDB}.Debug|Any CPU.ActiveCfg = Debug|Any CPU
		{5CF6BC3F-4737-41AF-BA7A-D513F0D16BDB}.Debug|Any CPU.Build.0 = Debug|Any CPU
		{5CF6BC3F-4737-41AF-BA7A-D513F0D16BDB}.Release|Any CPU.ActiveCfg = Release|Any CPU
		{5CF6BC3F-4737-41AF-BA7A-D513F0D16BDB}.Release|Any CPU.Build.0 = Release|Any CPU
		{03751875-0D10-4F06-B3B3-7AD451035133}.Debug|Any CPU.ActiveCfg = Debug|Any CPU
		{03751875-0D10-4F06-B3B3-7AD451035133}.Debug|Any CPU.Build.0 = Debug|Any CPU
		{03751875-0D10-4F06-B3B3-7AD451035133}.Release|Any CPU.ActiveCfg = Release|Any CPU
		{03751875-0D10-4F06-B3B3-7AD451035133}.Release|Any CPU.Build.0 = Release|Any CPU
		{FCFC0A34-0BA5-4800-B533-E57B42CC7C8D}.Debug|Any CPU.ActiveCfg = Debug|Any CPU
		{FCFC0A34-0BA5-4800-B533-E57B42CC7C8D}.Debug|Any CPU.Build.0 = Debug|Any CPU
		{FCFC0A34-0BA5-4800-B533-E57B42CC7C8D}.Release|Any CPU.ActiveCfg = Release|Any CPU
		{FCFC0A34-0BA5-4800-B533-E57B42CC7C8D}.Release|Any CPU.Build.0 = Release|Any CPU
	EndGlobalSection
	GlobalSection(SolutionProperties) = preSolution
		HideSolutionNode = FALSE
	EndGlobalSection
EndGlobal
